// !$*UTF8*$!
{
	archiveVersion = 1;
	classes = {
	};
	objectVersion = 48;
	objects = {

/* Begin PBXBuildFile section */
		65C3996B204E11AB00158177 /* AppDelegate.swift in Sources */ = {isa = PBXBuildFile; fileRef = 65C3996A204E11AB00158177 /* AppDelegate.swift */; };
		65C3996D204E11AB00158177 /* ViewController.swift in Sources */ = {isa = PBXBuildFile; fileRef = 65C3996C204E11AB00158177 /* ViewController.swift */; };
		65C39970204E11AB00158177 /* Main.storyboard in Resources */ = {isa = PBXBuildFile; fileRef = 65C3996E204E11AB00158177 /* Main.storyboard */; };
		65C39973204E11AB00158177 /* Car_Finder.xcdatamodeld in Sources */ = {isa = PBXBuildFile; fileRef = 65C39971204E11AB00158177 /* Car_Finder.xcdatamodeld */; };
		65C39975204E11AB00158177 /* Assets.xcassets in Resources */ = {isa = PBXBuildFile; fileRef = 65C39974204E11AB00158177 /* Assets.xcassets */; };
		65C39978204E11AB00158177 /* LaunchScreen.storyboard in Resources */ = {isa = PBXBuildFile; fileRef = 65C39976204E11AB00158177 /* LaunchScreen.storyboard */; };
		65C39983204E11AB00158177 /* Car_FinderTests.swift in Sources */ = {isa = PBXBuildFile; fileRef = 65C39982204E11AB00158177 /* Car_FinderTests.swift */; };
		65C3998E204E11AB00158177 /* Car_FinderUITests.swift in Sources */ = {isa = PBXBuildFile; fileRef = 65C3998D204E11AB00158177 /* Car_FinderUITests.swift */; };
/* End PBXBuildFile section */

/* Begin PBXContainerItemProxy section */
		65C3997F204E11AB00158177 /* PBXContainerItemProxy */ = {
			isa = PBXContainerItemProxy;
			containerPortal = 65C3995F204E11AB00158177 /* Project object */;
			proxyType = 1;
			remoteGlobalIDString = 65C39966204E11AB00158177;
			remoteInfo = "Car Finder";
		};
		65C3998A204E11AB00158177 /* PBXContainerItemProxy */ = {
			isa = PBXContainerItemProxy;
			containerPortal = 65C3995F204E11AB00158177 /* Project object */;
			proxyType = 1;
			remoteGlobalIDString = 65C39966204E11AB00158177;
			remoteInfo = "Car Finder";
		};
/* End PBXContainerItemProxy section */

/* Begin PBXFileReference section */
		65C39967204E11AB00158177 /* Car Finder.app */ = {isa = PBXFileReference; explicitFileType = wrapper.application; includeInIndex = 0; path = "Car Finder.app"; sourceTree = BUILT_PRODUCTS_DIR; };
		65C3996A204E11AB00158177 /* AppDelegate.swift */ = {isa = PBXFileReference; lastKnownFileType = sourcecode.swift; path = AppDelegate.swift; sourceTree = "<group>"; };
		65C3996C204E11AB00158177 /* ViewController.swift */ = {isa = PBXFileReference; lastKnownFileType = sourcecode.swift; path = ViewController.swift; sourceTree = "<group>"; };
		65C3996F204E11AB00158177 /* Base */ = {isa = PBXFileReference; lastKnownFileType = file.storyboard; name = Base; path = Base.lproj/Main.storyboard; sourceTree = "<group>"; };
		65C39972204E11AB00158177 /* Car_Finder.xcdatamodel */ = {isa = PBXFileReference; lastKnownFileType = wrapper.xcdatamodel; path = Car_Finder.xcdatamodel; sourceTree = "<group>"; };
		65C39974204E11AB00158177 /* Assets.xcassets */ = {isa = PBXFileReference; lastKnownFileType = folder.assetcatalog; path = Assets.xcassets; sourceTree = "<group>"; };
		65C39977204E11AB00158177 /* Base */ = {isa = PBXFileReference; lastKnownFileType = file.storyboard; name = Base; path = Base.lproj/LaunchScreen.storyboard; sourceTree = "<group>"; };
		65C39979204E11AB00158177 /* Info.plist */ = {isa = PBXFileReference; lastKnownFileType = text.plist.xml; path = Info.plist; sourceTree = "<group>"; };
		65C3997E204E11AB00158177 /* Car FinderTests.xctest */ = {isa = PBXFileReference; explicitFileType = wrapper.cfbundle; includeInIndex = 0; path = "Car FinderTests.xctest"; sourceTree = BUILT_PRODUCTS_DIR; };
		65C39982204E11AB00158177 /* Car_FinderTests.swift */ = {isa = PBXFileReference; lastKnownFileType = sourcecode.swift; path = Car_FinderTests.swift; sourceTree = "<group>"; };
		65C39984204E11AB00158177 /* Info.plist */ = {isa = PBXFileReference; lastKnownFileType = text.plist.xml; path = Info.plist; sourceTree = "<group>"; };
		65C39989204E11AB00158177 /* Car FinderUITests.xctest */ = {isa = PBXFileReference; explicitFileType = wrapper.cfbundle; includeInIndex = 0; path = "Car FinderUITests.xctest"; sourceTree = BUILT_PRODUCTS_DIR; };
		65C3998D204E11AB00158177 /* Car_FinderUITests.swift */ = {isa = PBXFileReference; lastKnownFileType = sourcecode.swift; path = Car_FinderUITests.swift; sourceTree = "<group>"; };
		65C3998F204E11AB00158177 /* Info.plist */ = {isa = PBXFileReference; lastKnownFileType = text.plist.xml; path = Info.plist; sourceTree = "<group>"; };
/* End PBXFileReference section */

/* Begin PBXFrameworksBuildPhase section */
		65C39964204E11AB00158177 /* Frameworks */ = {
			isa = PBXFrameworksBuildPhase;
			buildActionMask = 2147483647;
			files = (
			);
			runOnlyForDeploymentPostprocessing = 0;
		};
		65C3997B204E11AB00158177 /* Frameworks */ = {
			isa = PBXFrameworksBuildPhase;
			buildActionMask = 2147483647;
			files = (
			);
			runOnlyForDeploymentPostprocessing = 0;
		};
		65C39986204E11AB00158177 /* Frameworks */ = {
			isa = PBXFrameworksBuildPhase;
			buildActionMask = 2147483647;
			files = (
			);
			runOnlyForDeploymentPostprocessing = 0;
		};
/* End PBXFrameworksBuildPhase section */

/* Begin PBXGroup section */
		65C3995E204E11AB00158177 = {
			isa = PBXGroup;
			children = (
				65C39969204E11AB00158177 /* Car Finder */,
				65C39981204E11AB00158177 /* Car FinderTests */,
				65C3998C204E11AB00158177 /* Car FinderUITests */,
				65C39968204E11AB00158177 /* Products */,
			);
			sourceTree = "<group>";
		};
		65C39968204E11AB00158177 /* Products */ = {
			isa = PBXGroup;
			children = (
				65C39967204E11AB00158177 /* Car Finder.app */,
				65C3997E204E11AB00158177 /* Car FinderTests.xctest */,
				65C39989204E11AB00158177 /* Car FinderUITests.xctest */,
			);
			name = Products;
			sourceTree = "<group>";
		};
		65C39969204E11AB00158177 /* Car Finder */ = {
			isa = PBXGroup;
			children = (
				65C3996A204E11AB00158177 /* AppDelegate.swift */,
				65C3996C204E11AB00158177 /* ViewController.swift */,
				65C3996E204E11AB00158177 /* Main.storyboard */,
				65C39974204E11AB00158177 /* Assets.xcassets */,
				65C39976204E11AB00158177 /* LaunchScreen.storyboard */,
				65C39979204E11AB00158177 /* Info.plist */,
				65C39971204E11AB00158177 /* Car_Finder.xcdatamodeld */,
			);
			path = "Car Finder";
			sourceTree = "<group>";
		};
		65C39981204E11AB00158177 /* Car FinderTests */ = {
			isa = PBXGroup;
			children = (
				65C39982204E11AB00158177 /* Car_FinderTests.swift */,
				65C39984204E11AB00158177 /* Info.plist */,
			);
			path = "Car FinderTests";
			sourceTree = "<group>";
		};
		65C3998C204E11AB00158177 /* Car FinderUITests */ = {
			isa = PBXGroup;
			children = (
				65C3998D204E11AB00158177 /* Car_FinderUITests.swift */,
				65C3998F204E11AB00158177 /* Info.plist */,
			);
			path = "Car FinderUITests";
			sourceTree = "<group>";
		};
/* End PBXGroup section */

/* Begin PBXNativeTarget section */
		65C39966204E11AB00158177 /* Car Finder */ = {
			isa = PBXNativeTarget;
			buildConfigurationList = 65C39992204E11AB00158177 /* Build configuration list for PBXNativeTarget "Car Finder" */;
			buildPhases = (
				65C39963204E11AB00158177 /* Sources */,
				65C39964204E11AB00158177 /* Frameworks */,
				65C39965204E11AB00158177 /* Resources */,
			);
			buildRules = (
			);
			dependencies = (
			);
			name = "Car Finder";
			productName = "Car Finder";
			productReference = 65C39967204E11AB00158177 /* Car Finder.app */;
			productType = "com.apple.product-type.application";
		};
		65C3997D204E11AB00158177 /* Car FinderTests */ = {
			isa = PBXNativeTarget;
			buildConfigurationList = 65C39995204E11AB00158177 /* Build configuration list for PBXNativeTarget "Car FinderTests" */;
			buildPhases = (
				65C3997A204E11AB00158177 /* Sources */,
				65C3997B204E11AB00158177 /* Frameworks */,
				65C3997C204E11AB00158177 /* Resources */,
			);
			buildRules = (
			);
			dependencies = (
				65C39980204E11AB00158177 /* PBXTargetDependency */,
			);
			name = "Car FinderTests";
			productName = "Car FinderTests";
			productReference = 65C3997E204E11AB00158177 /* Car FinderTests.xctest */;
			productType = "com.apple.product-type.bundle.unit-test";
		};
		65C39988204E11AB00158177 /* Car FinderUITests */ = {
			isa = PBXNativeTarget;
			buildConfigurationList = 65C39998204E11AB00158177 /* Build configuration list for PBXNativeTarget "Car FinderUITests" */;
			buildPhases = (
				65C39985204E11AB00158177 /* Sources */,
				65C39986204E11AB00158177 /* Frameworks */,
				65C39987204E11AB00158177 /* Resources */,
			);
			buildRules = (
			);
			dependencies = (
				65C3998B204E11AB00158177 /* PBXTargetDependency */,
			);
			name = "Car FinderUITests";
			productName = "Car FinderUITests";
			productReference = 65C39989204E11AB00158177 /* Car FinderUITests.xctest */;
			productType = "com.apple.product-type.bundle.ui-testing";
		};
/* End PBXNativeTarget section */

/* Begin PBXProject section */
		65C3995F204E11AB00158177 /* Project object */ = {
			isa = PBXProject;
			attributes = {
				LastSwiftUpdateCheck = 0920;
				LastUpgradeCheck = 0920;
				ORGANIZATIONNAME = "Vineet Joshi";
				TargetAttributes = {
					65C39966204E11AB00158177 = {
						CreatedOnToolsVersion = 9.2;
						ProvisioningStyle = Automatic;
					};
					65C3997D204E11AB00158177 = {
						CreatedOnToolsVersion = 9.2;
						ProvisioningStyle = Automatic;
						TestTargetID = 65C39966204E11AB00158177;
					};
					65C39988204E11AB00158177 = {
						CreatedOnToolsVersion = 9.2;
						ProvisioningStyle = Automatic;
						TestTargetID = 65C39966204E11AB00158177;
					};
				};
			};
			buildConfigurationList = 65C39962204E11AB00158177 /* Build configuration list for PBXProject "Car Finder" */;
			compatibilityVersion = "Xcode 8.0";
			developmentRegion = en;
			hasScannedForEncodings = 0;
			knownRegions = (
				en,
				Base,
			);
			mainGroup = 65C3995E204E11AB00158177;
			productRefGroup = 65C39968204E11AB00158177 /* Products */;
			projectDirPath = "";
			projectRoot = "";
			targets = (
				65C39966204E11AB00158177 /* Car Finder */,
				65C3997D204E11AB00158177 /* Car FinderTests */,
				65C39988204E11AB00158177 /* Car FinderUITests */,
			);
		};
/* End PBXProject section */

/* Begin PBXResourcesBuildPhase section */
		65C39965204E11AB00158177 /* Resources */ = {
			isa = PBXResourcesBuildPhase;
			buildActionMask = 2147483647;
			files = (
				65C39978204E11AB00158177 /* LaunchScreen.storyboard in Resources */,
				65C39975204E11AB00158177 /* Assets.xcassets in Resources */,
				65C39970204E11AB00158177 /* Main.storyboard in Resources */,
			);
			runOnlyForDeploymentPostprocessing = 0;
		};
		65C3997C204E11AB00158177 /* Resources */ = {
			isa = PBXResourcesBuildPhase;
			buildActionMask = 2147483647;
			files = (
			);
			runOnlyForDeploymentPostprocessing = 0;
		};
		65C39987204E11AB00158177 /* Resources */ = {
			isa = PBXResourcesBuildPhase;
			buildActionMask = 2147483647;
			files = (
			);
			runOnlyForDeploymentPostprocessing = 0;
		};
/* End PBXResourcesBuildPhase section */

/* Begin PBXSourcesBuildPhase section */
		65C39963204E11AB00158177 /* Sources */ = {
			isa = PBXSourcesBuildPhase;
			buildActionMask = 2147483647;
			files = (
				65C3996D204E11AB00158177 /* ViewController.swift in Sources */,
				65C39973204E11AB00158177 /* Car_Finder.xcdatamodeld in Sources */,
				65C3996B204E11AB00158177 /* AppDelegate.swift in Sources */,
			);
			runOnlyForDeploymentPostprocessing = 0;
		};
		65C3997A204E11AB00158177 /* Sources */ = {
			isa = PBXSourcesBuildPhase;
			buildActionMask = 2147483647;
			files = (
				65C39983204E11AB00158177 /* Car_FinderTests.swift in Sources */,
			);
			runOnlyForDeploymentPostprocessing = 0;
		};
		65C39985204E11AB00158177 /* Sources */ = {
			isa = PBXSourcesBuildPhase;
			buildActionMask = 2147483647;
			files = (
				65C3998E204E11AB00158177 /* Car_FinderUITests.swift in Sources */,
			);
			runOnlyForDeploymentPostprocessing = 0;
		};
/* End PBXSourcesBuildPhase section */

/* Begin PBXTargetDependency section */
		65C39980204E11AB00158177 /* PBXTargetDependency */ = {
			isa = PBXTargetDependency;
			target = 65C39966204E11AB00158177 /* Car Finder */;
			targetProxy = 65C3997F204E11AB00158177 /* PBXContainerItemProxy */;
		};
		65C3998B204E11AB00158177 /* PBXTargetDependency */ = {
			isa = PBXTargetDependency;
			target = 65C39966204E11AB00158177 /* Car Finder */;
			targetProxy = 65C3998A204E11AB00158177 /* PBXContainerItemProxy */;
		};
/* End PBXTargetDependency section */

/* Begin PBXVariantGroup section */
		65C3996E204E11AB00158177 /* Main.storyboard */ = {
			isa = PBXVariantGroup;
			children = (
				65C3996F204E11AB00158177 /* Base */,
			);
			name = Main.storyboard;
			sourceTree = "<group>";
		};
		65C39976204E11AB00158177 /* LaunchScreen.storyboard */ = {
			isa = PBXVariantGroup;
			children = (
				65C39977204E11AB00158177 /* Base */,
			);
			name = LaunchScreen.storyboard;
			sourceTree = "<group>";
		};
/* End PBXVariantGroup section */

/* Begin XCBuildConfiguration section */
		65C39990204E11AB00158177 /* Debug */ = {
			isa = XCBuildConfiguration;
			buildSettings = {
				ALWAYS_SEARCH_USER_PATHS = NO;
				CLANG_ANALYZER_NONNULL = YES;
				CLANG_ANALYZER_NUMBER_OBJECT_CONVERSION = YES_AGGRESSIVE;
				CLANG_CXX_LANGUAGE_STANDARD = "gnu++14";
				CLANG_CXX_LIBRARY = "libc++";
				CLANG_ENABLE_MODULES = YES;
				CLANG_ENABLE_OBJC_ARC = YES;
				CLANG_WARN_BLOCK_CAPTURE_AUTORELEASING = YES;
				CLANG_WARN_BOOL_CONVERSION = YES;
				CLANG_WARN_COMMA = YES;
				CLANG_WARN_CONSTANT_CONVERSION = YES;
				CLANG_WARN_DIRECT_OBJC_ISA_USAGE = YES_ERROR;
				CLANG_WARN_DOCUMENTATION_COMMENTS = YES;
				CLANG_WARN_EMPTY_BODY = YES;
				CLANG_WARN_ENUM_CONVERSION = YES;
				CLANG_WARN_INFINITE_RECURSION = YES;
				CLANG_WARN_INT_CONVERSION = YES;
				CLANG_WARN_NON_LITERAL_NULL_CONVERSION = YES;
				CLANG_WARN_OBJC_LITERAL_CONVERSION = YES;
				CLANG_WARN_OBJC_ROOT_CLASS = YES_ERROR;
				CLANG_WARN_RANGE_LOOP_ANALYSIS = YES;
				CLANG_WARN_STRICT_PROTOTYPES = YES;
				CLANG_WARN_SUSPICIOUS_MOVE = YES;
				CLANG_WARN_UNGUARDED_AVAILABILITY = YES_AGGRESSIVE;
				CLANG_WARN_UNREACHABLE_CODE = YES;
				CLANG_WARN__DUPLICATE_METHOD_MATCH = YES;
				CODE_SIGN_IDENTITY = "iPhone Developer";
				COPY_PHASE_STRIP = NO;
				DEBUG_INFORMATION_FORMAT = dwarf;
				ENABLE_STRICT_OBJC_MSGSEND = YES;
				ENABLE_TESTABILITY = YES;
				GCC_C_LANGUAGE_STANDARD = gnu11;
				GCC_DYNAMIC_NO_PIC = NO;
				GCC_NO_COMMON_BLOCKS = YES;
				GCC_OPTIMIZATION_LEVEL = 0;
				GCC_PREPROCESSOR_DEFINITIONS = (
					"DEBUG=1",
					"$(inherited)",
				);
				GCC_WARN_64_TO_32_BIT_CONVERSION = YES;
				GCC_WARN_ABOUT_RETURN_TYPE = YES_ERROR;
				GCC_WARN_UNDECLARED_SELECTOR = YES;
				GCC_WARN_UNINITIALIZED_AUTOS = YES_AGGRESSIVE;
				GCC_WARN_UNUSED_FUNCTION = YES;
				GCC_WARN_UNUSED_VARIABLE = YES;
				IPHONEOS_DEPLOYMENT_TARGET = 11.2;
				MTL_ENABLE_DEBUG_INFO = YES;
				ONLY_ACTIVE_ARCH = YES;
				SDKROOT = iphoneos;
				SWIFT_ACTIVE_COMPILATION_CONDITIONS = DEBUG;
				SWIFT_OPTIMIZATION_LEVEL = "-Onone";
			};
			name = Debug;
		};
		65C39991204E11AB00158177 /* Release */ = {
			isa = XCBuildConfiguration;
			buildSettings = {
				ALWAYS_SEARCH_USER_PATHS = NO;
				CLANG_ANALYZER_NONNULL = YES;
				CLANG_ANALYZER_NUMBER_OBJECT_CONVERSION = YES_AGGRESSIVE;
				CLANG_CXX_LANGUAGE_STANDARD = "gnu++14";
				CLANG_CXX_LIBRARY = "libc++";
				CLANG_ENABLE_MODULES = YES;
				CLANG_ENABLE_OBJC_ARC = YES;
				CLANG_WARN_BLOCK_CAPTURE_AUTORELEASING = YES;
				CLANG_WARN_BOOL_CONVERSION = YES;
				CLANG_WARN_COMMA = YES;
				CLANG_WARN_CONSTANT_CONVERSION = YES;
				CLANG_WARN_DIRECT_OBJC_ISA_USAGE = YES_ERROR;
				CLANG_WARN_DOCUMENTATION_COMMENTS = YES;
				CLANG_WARN_EMPTY_BODY = YES;
				CLANG_WARN_ENUM_CONVERSION = YES;
				CLANG_WARN_INFINITE_RECURSION = YES;
				CLANG_WARN_INT_CONVERSION = YES;
				CLANG_WARN_NON_LITERAL_NULL_CONVERSION = YES;
				CLANG_WARN_OBJC_LITERAL_CONVERSION = YES;
				CLANG_WARN_OBJC_ROOT_CLASS = YES_ERROR;
				CLANG_WARN_RANGE_LOOP_ANALYSIS = YES;
				CLANG_WARN_STRICT_PROTOTYPES = YES;
				CLANG_WARN_SUSPICIOUS_MOVE = YES;
				CLANG_WARN_UNGUARDED_AVAILABILITY = YES_AGGRESSIVE;
				CLANG_WARN_UNREACHABLE_CODE = YES;
				CLANG_WARN__DUPLICATE_METHOD_MATCH = YES;
				CODE_SIGN_IDENTITY = "iPhone Developer";
				COPY_PHASE_STRIP = NO;
				DEBUG_INFORMATION_FORMAT = "dwarf-with-dsym";
				ENABLE_NS_ASSERTIONS = NO;
				ENABLE_STRICT_OBJC_MSGSEND = YES;
				GCC_C_LANGUAGE_STANDARD = gnu11;
				GCC_NO_COMMON_BLOCKS = YES;
				GCC_WARN_64_TO_32_BIT_CONVERSION = YES;
				GCC_WARN_ABOUT_RETURN_TYPE = YES_ERROR;
				GCC_WARN_UNDECLARED_SELECTOR = YES;
				GCC_WARN_UNINITIALIZED_AUTOS = YES_AGGRESSIVE;
				GCC_WARN_UNUSED_FUNCTION = YES;
				GCC_WARN_UNUSED_VARIABLE = YES;
				IPHONEOS_DEPLOYMENT_TARGET = 11.2;
				MTL_ENABLE_DEBUG_INFO = NO;
				SDKROOT = iphoneos;
				SWIFT_OPTIMIZATION_LEVEL = "-Owholemodule";
				VALIDATE_PRODUCT = YES;
			};
			name = Release;
		};
		65C39993204E11AB00158177 /* Debug */ = {
			isa = XCBuildConfiguration;
			buildSettings = {
				ASSETCATALOG_COMPILER_APPICON_NAME = AppIcon;
				CODE_SIGN_STYLE = Automatic;
				DEVELOPMENT_TEAM = C9R438Z887;
				INFOPLIST_FILE = "Car Finder/Info.plist";
				LD_RUNPATH_SEARCH_PATHS = "$(inherited) @executable_path/Frameworks";
				PRODUCT_BUNDLE_IDENTIFIER = "vineet0713.Car-Finder";
				PRODUCT_NAME = "$(TARGET_NAME)";
				SWIFT_VERSION = 4.0;
				TARGETED_DEVICE_FAMILY = "1,2";
			};
			name = Debug;
		};
		65C39994204E11AB00158177 /* Release */ = {
			isa = XCBuildConfiguration;
			buildSettings = {
				ASSETCATALOG_COMPILER_APPICON_NAME = AppIcon;
				CODE_SIGN_STYLE = Automatic;
				DEVELOPMENT_TEAM = C9R438Z887;
				INFOPLIST_FILE = "Car Finder/Info.plist";
				LD_RUNPATH_SEARCH_PATHS = "$(inherited) @executable_path/Frameworks";
				PRODUCT_BUNDLE_IDENTIFIER = "vineet0713.Car-Finder";
				PRODUCT_NAME = "$(TARGET_NAME)";
				SWIFT_VERSION = 4.0;
				TARGETED_DEVICE_FAMILY = "1,2";
			};
			name = Release;
		};
		65C39996204E11AB00158177 /* Debug */ = {
			isa = XCBuildConfiguration;
			buildSettings = {
				ALWAYS_EMBED_SWIFT_STANDARD_LIBRARIES = YES;
				BUNDLE_LOADER = "$(TEST_HOST)";
				CODE_SIGN_STYLE = Automatic;
				DEVELOPMENT_TEAM = C9R438Z887;
				INFOPLIST_FILE = "Car FinderTests/Info.plist";
				LD_RUNPATH_SEARCH_PATHS = "$(inherited) @executable_path/Frameworks @loader_path/Frameworks";
				PRODUCT_BUNDLE_IDENTIFIER = "vineet0713.Car-FinderTests";
				PRODUCT_NAME = "$(TARGET_NAME)";
				SWIFT_VERSION = 4.0;
				TARGETED_DEVICE_FAMILY = "1,2";
				TEST_HOST = "$(BUILT_PRODUCTS_DIR)/Car Finder.app/Car Finder";
			};
			name = Debug;
		};
		65C39997204E11AB00158177 /* Release */ = {
			isa = XCBuildConfiguration;
			buildSettings = {
				ALWAYS_EMBED_SWIFT_STANDARD_LIBRARIES = YES;
				BUNDLE_LOADER = "$(TEST_HOST)";
				CODE_SIGN_STYLE = Automatic;
				DEVELOPMENT_TEAM = C9R438Z887;
				INFOPLIST_FILE = "Car FinderTests/Info.plist";
				LD_RUNPATH_SEARCH_PATHS = "$(inherited) @executable_path/Frameworks @loader_path/Frameworks";
				PRODUCT_BUNDLE_IDENTIFIER = "vineet0713.Car-FinderTests";
				PRODUCT_NAME = "$(TARGET_NAME)";
				SWIFT_VERSION = 4.0;
				TARGETED_DEVICE_FAMILY = "1,2";
				TEST_HOST = "$(BUILT_PRODUCTS_DIR)/Car Finder.app/Car Finder";
			};
			name = Release;
		};
		65C39999204E11AB00158177 /* Debug */ = {
			isa = XCBuildConfiguration;
			buildSettings = {
				ALWAYS_EMBED_SWIFT_STANDARD_LIBRARIES = YES;
				CODE_SIGN_STYLE = Automatic;
				DEVELOPMENT_TEAM = C9R438Z887;
				INFOPLIST_FILE = "Car FinderUITests/Info.plist";
				LD_RUNPATH_SEARCH_PATHS = "$(inherited) @executable_path/Frameworks @loader_path/Frameworks";
				PRODUCT_BUNDLE_IDENTIFIER = "vineet0713.Car-FinderUITests";
				PRODUCT_NAME = "$(TARGET_NAME)";
				SWIFT_VERSION = 4.0;
				TARGETED_DEVICE_FAMILY = "1,2";
				TEST_TARGET_NAME = "Car Finder";
			};
			name = Debug;
		};
		65C3999A204E11AB00158177 /* Release */ = {
			isa = XCBuildConfiguration;
			buildSettings = {
				ALWAYS_EMBED_SWIFT_STANDARD_LIBRARIES = YES;
				CODE_SIGN_STYLE = Automatic;
				DEVELOPMENT_TEAM = C9R438Z887;
				INFOPLIST_FILE = "Car FinderUITests/Info.plist";
				LD_RUNPATH_SEARCH_PATHS = "$(inherited) @executable_path/Frameworks @loader_path/Frameworks";
				PRODUCT_BUNDLE_IDENTIFIER = "vineet0713.Car-FinderUITests";
				PRODUCT_NAME = "$(TARGET_NAME)";
				SWIFT_VERSION = 4.0;
				TARGETED_DEVICE_FAMILY = "1,2";
				TEST_TARGET_NAME = "Car Finder";
			};
			name = Release;
		};
/* End XCBuildConfiguration section */

/* Begin XCConfigurationList section */
		65C39962204E11AB00158177 /* Build configuration list for PBXProject "Car Finder" */ = {
			isa = XCConfigurationList;
			buildConfigurations = (
				65C39990204E11AB00158177 /* Debug */,
				65C39991204E11AB00158177 /* Release */,
			);
			defaultConfigurationIsVisible = 0;
			defaultConfigurationName = Release;
		};
		65C39992204E11AB00158177 /* Build configuration list for PBXNativeTarget "Car Finder" */ = {
			isa = XCConfigurationList;
			buildConfigurations = (
				65C39993204E11AB00158177 /* Debug */,
				65C39994204E11AB00158177 /* Release */,
			);
			defaultConfigurationIsVisible = 0;
			defaultConfigurationName = Release;
		};
		65C39995204E11AB00158177 /* Build configuration list for PBXNativeTarget "Car FinderTests" */ = {
			isa = XCConfigurationList;
			buildConfigurations = (
				65C39996204E11AB00158177 /* Debug */,
				65C39997204E11AB00158177 /* Release */,
			);
			defaultConfigurationIsVisible = 0;
			defaultConfigurationName = Release;
		};
		65C39998204E11AB00158177 /* Build configuration list for PBXNativeTarget "Car FinderUITests" */ = {
			isa = XCConfigurationList;
			buildConfigurations = (
				65C39999204E11AB00158177 /* Debug */,
				65C3999A204E11AB00158177 /* Release */,
			);
			defaultConfigurationIsVisible = 0;
			defaultConfigurationName = Release;
		};
/* End XCConfigurationList section */

/* Begin XCVersionGroup section */
		65C39971204E11AB00158177 /* Car_Finder.xcdatamodeld */ = {
			isa = XCVersionGroup;
			children = (
				65C39972204E11AB00158177 /* Car_Finder.xcdatamodel */,
			);
			currentVersion = 65C39972204E11AB00158177 /* Car_Finder.xcdatamodel */;
			path = Car_Finder.xcdatamodeld;
			sourceTree = "<group>";
			versionGroupType = wrapper.xcdatamodel;
		};
/* End XCVersionGroup section */
	};
	rootObject = 65C3995F204E11AB00158177 /* Project object */;
}
